// !$*UTF8*$!
{
	archiveVersion = 1;
	classes = {
	};
	objectVersion = 50;
	objects = {

/* Begin PBXBuildFile section */
		2EDF2B1926F37D180035305C /* AppDelegate.m in Sources */ = {isa = PBXBuildFile; fileRef = 2EDF2B1826F37D180035305C /* AppDelegate.m */; };
		2EDF2B1C26F37D180035305C /* SceneDelegate.m in Sources */ = {isa = PBXBuildFile; fileRef = 2EDF2B1B26F37D180035305C /* SceneDelegate.m */; };
		2EDF2B1F26F37D180035305C /* ViewController.m in Sources */ = {isa = PBXBuildFile; fileRef = 2EDF2B1E26F37D180035305C /* ViewController.m */; };
		2EDF2B2226F37D180035305C /* Main.storyboard in Resources */ = {isa = PBXBuildFile; fileRef = 2EDF2B2026F37D180035305C /* Main.storyboard */; };
		2EDF2B2426F37D1B0035305C /* Assets.xcassets in Resources */ = {isa = PBXBuildFile; fileRef = 2EDF2B2326F37D1B0035305C /* Assets.xcassets */; };
		2EDF2B2726F37D1B0035305C /* LaunchScreen.storyboard in Resources */ = {isa = PBXBuildFile; fileRef = 2EDF2B2526F37D1B0035305C /* LaunchScreen.storyboard */; };
		2EDF2B2A26F37D1B0035305C /* main.m in Sources */ = {isa = PBXBuildFile; fileRef = 2EDF2B2926F37D1B0035305C /* main.m */; };
		2EDF2B3226F37D360035305C /* HSMapView.m in Sources */ = {isa = PBXBuildFile; fileRef = 2EDF2B3126F37D360035305C /* HSMapView.m */; };
/* End PBXBuildFile section */

/* Begin PBXFileReference section */
		2EDF2B1426F37D180035305C /* OpenGLDemo.app */ = {isa = PBXFileReference; explicitFileType = wrapper.application; includeInIndex = 0; path = OpenGLDemo.app; sourceTree = BUILT_PRODUCTS_DIR; };
		2EDF2B1726F37D180035305C /* AppDelegate.h */ = {isa = PBXFileReference; lastKnownFileType = sourcecode.c.h; path = AppDelegate.h; sourceTree = "<group>"; };
		2EDF2B1826F37D180035305C /* AppDelegate.m */ = {isa = PBXFileReference; lastKnownFileType = sourcecode.c.objc; path = AppDelegate.m; sourceTree = "<group>"; };
		2EDF2B1A26F37D180035305C /* SceneDelegate.h */ = {isa = PBXFileReference; lastKnownFileType = sourcecode.c.h; path = SceneDelegate.h; sourceTree = "<group>"; };
		2EDF2B1B26F37D180035305C /* SceneDelegate.m */ = {isa = PBXFileReference; lastKnownFileType = sourcecode.c.objc; path = SceneDelegate.m; sourceTree = "<group>"; };
		2EDF2B1D26F37D180035305C /* ViewController.h */ = {isa = PBXFileReference; lastKnownFileType = sourcecode.c.h; path = ViewController.h; sourceTree = "<group>"; };
		2EDF2B1E26F37D180035305C /* ViewController.m */ = {isa = PBXFileReference; lastKnownFileType = sourcecode.c.objc; path = ViewController.m; sourceTree = "<group>"; };
		2EDF2B2126F37D180035305C /* Base */ = {isa = PBXFileReference; lastKnownFileType = file.storyboard; name = Base; path = Base.lproj/Main.storyboard; sourceTree = "<group>"; };
		2EDF2B2326F37D1B0035305C /* Assets.xcassets */ = {isa = PBXFileReference; lastKnownFileType = folder.assetcatalog; path = Assets.xcassets; sourceTree = "<group>"; };
		2EDF2B2626F37D1B0035305C /* Base */ = {isa = PBXFileReference; lastKnownFileType = file.storyboard; name = Base; path = Base.lproj/LaunchScreen.storyboard; sourceTree = "<group>"; };
		2EDF2B2826F37D1B0035305C /* Info.plist */ = {isa = PBXFileReference; lastKnownFileType = text.plist.xml; path = Info.plist; sourceTree = "<group>"; };
		2EDF2B2926F37D1B0035305C /* main.m */ = {isa = PBXFileReference; lastKnownFileType = sourcecode.c.objc; path = main.m; sourceTree = "<group>"; };
		2EDF2B3026F37D360035305C /* HSMapView.h */ = {isa = PBXFileReference; lastKnownFileType = sourcecode.c.h; path = HSMapView.h; sourceTree = "<group>"; };
		2EDF2B3126F37D360035305C /* HSMapView.m */ = {isa = PBXFileReference; lastKnownFileType = sourcecode.c.objc; path = HSMapView.m; sourceTree = "<group>"; };
/* End PBXFileReference section */

/* Begin PBXFrameworksBuildPhase section */
		2EDF2B1126F37D180035305C /* Frameworks */ = {
			isa = PBXFrameworksBuildPhase;
			buildActionMask = 2147483647;
			files = (
			);
			runOnlyForDeploymentPostprocessing = 0;
		};
/* End PBXFrameworksBuildPhase section */

/* Begin PBXGroup section */
		2EDF2B0B26F37D180035305C = {
			isa = PBXGroup;
			children = (
				2EDF2B1626F37D180035305C /* OpenGLDemo */,
				2EDF2B1526F37D180035305C /* Products */,
			);
			sourceTree = "<group>";
		};
		2EDF2B1526F37D180035305C /* Products */ = {
			isa = PBXGroup;
			children = (
				2EDF2B1426F37D180035305C /* OpenGLDemo.app */,
			);
			name = Products;
			sourceTree = "<group>";
		};
		2EDF2B1626F37D180035305C /* OpenGLDemo */ = {
			isa = PBXGroup;
			children = (
				2EDF2B1726F37D180035305C /* AppDelegate.h */,
				2EDF2B1826F37D180035305C /* AppDelegate.m */,
				2EDF2B1A26F37D180035305C /* SceneDelegate.h */,
				2EDF2B1B26F37D180035305C /* SceneDelegate.m */,
				2EDF2B1D26F37D180035305C /* ViewController.h */,
				2EDF2B1E26F37D180035305C /* ViewController.m */,
				2EDF2B2026F37D180035305C /* Main.storyboard */,
				2EDF2B2326F37D1B0035305C /* Assets.xcassets */,
				2EDF2B2526F37D1B0035305C /* LaunchScreen.storyboard */,
				2EDF2B2826F37D1B0035305C /* Info.plist */,
				2EDF2B2926F37D1B0035305C /* main.m */,
				2EDF2B3026F37D360035305C /* HSMapView.h */,
				2EDF2B3126F37D360035305C /* HSMapView.m */,
			);
			path = OpenGLDemo;
			sourceTree = "<group>";
		};
/* End PBXGroup section */

/* Begin PBXNativeTarget section */
		2EDF2B1326F37D180035305C /* OpenGLDemo */ = {
			isa = PBXNativeTarget;
			buildConfigurationList = 2EDF2B2D26F37D1B0035305C /* Build configuration list for PBXNativeTarget "OpenGLDemo" */;
			buildPhases = (
				2EDF2B1026F37D180035305C /* Sources */,
				2EDF2B1126F37D180035305C /* Frameworks */,
				2EDF2B1226F37D180035305C /* Resources */,
			);
			buildRules = (
			);
			dependencies = (
			);
			name = OpenGLDemo;
			productName = OpenGLDemo;
			productReference = 2EDF2B1426F37D180035305C /* OpenGLDemo.app */;
			productType = "com.apple.product-type.application";
		};
/* End PBXNativeTarget section */

/* Begin PBXProject section */
		2EDF2B0C26F37D180035305C /* Project object */ = {
			isa = PBXProject;
			attributes = {
				LastUpgradeCheck = 1250;
				TargetAttributes = {
					2EDF2B1326F37D180035305C = {
						CreatedOnToolsVersion = 12.5.1;
					};
				};
			};
			buildConfigurationList = 2EDF2B0F26F37D180035305C /* Build configuration list for PBXProject "OpenGLDemo" */;
			compatibilityVersion = "Xcode 9.3";
			developmentRegion = en;
			hasScannedForEncodings = 0;
			knownRegions = (
				en,
				Base,
			);
			mainGroup = 2EDF2B0B26F37D180035305C;
			productRefGroup = 2EDF2B1526F37D180035305C /* Products */;
			projectDirPath = "";
			projectRoot = "";
			targets = (
				2EDF2B1326F37D180035305C /* OpenGLDemo */,
			);
		};
/* End PBXProject section */

/* Begin PBXResourcesBuildPhase section */
		2EDF2B1226F37D180035305C /* Resources */ = {
			isa = PBXResourcesBuildPhase;
			buildActionMask = 2147483647;
			files = (
				2EDF2B2726F37D1B0035305C /* LaunchScreen.storyboard in Resources */,
				2EDF2B2426F37D1B0035305C /* Assets.xcassets in Resources */,
				2EDF2B2226F37D180035305C /* Main.storyboard in Resources */,
			);
			runOnlyForDeploymentPostprocessing = 0;
		};
/* End PBXResourcesBuildPhase section */

/* Begin PBXSourcesBuildPhase section */
		2EDF2B1026F37D180035305C /* Sources */ = {
			isa = PBXSourcesBuildPhase;
			buildActionMask = 2147483647;
			files = (
				2EDF2B1F26F37D180035305C /* ViewController.m in Sources */,
				2EDF2B1926F37D180035305C /* AppDelegate.m in Sources */,
				2EDF2B3226F37D360035305C /* HSMapView.m in Sources */,
				2EDF2B2A26F37D1B0035305C /* main.m in Sources */,
				2EDF2B1C26F37D180035305C /* SceneDelegate.m in Sources */,
			);
			runOnlyForDeploymentPostprocessing = 0;
		};
/* End PBXSourcesBuildPhase section */

/* Begin PBXVariantGroup section */
		2EDF2B2026F37D180035305C /* Main.storyboard */ = {
			isa = PBXVariantGroup;
			children = (
				2EDF2B2126F37D180035305C /* Base */,
			);
			name = Main.storyboard;
			sourceTree = "<group>";
		};
		2EDF2B2526F37D1B0035305C /* LaunchScreen.storyboard */ = {
			isa = PBXVariantGroup;
			children = (
				2EDF2B2626F37D1B0035305C /* Base */,
			);
			name = LaunchScreen.storyboard;
			sourceTree = "<group>";
		};
/* End PBXVariantGroup section */

/* Begin XCBuildConfiguration section */
		2EDF2B2B26F37D1B0035305C /* Debug */ = {
			isa = XCBuildConfiguration;
			buildSettings = {
				ALWAYS_SEARCH_USER_PATHS = NO;
				CLANG_ANALYZER_NONNULL = YES;
				CLANG_ANALYZER_NUMBER_OBJECT_CONVERSION = YES_AGGRESSIVE;
				CLANG_CXX_LANGUAGE_STANDARD = "gnu++14";
				CLANG_CXX_LIBRARY = "libc++";
				CLANG_ENABLE_MODULES = YES;
				CLANG_ENABLE_OBJC_ARC = YES;
				CLANG_ENABLE_OBJC_WEAK = YES;
				CLANG_WARN_BLOCK_CAPTURE_AUTORELEASING = YES;
				CLANG_WARN_BOOL_CONVERSION = YES;
				CLANG_WARN_COMMA = YES;
				CLANG_WARN_CONSTANT_CONVERSION = YES;
				CLANG_WARN_DEPRECATED_OBJC_IMPLEMENTATIONS = YES;
				CLANG_WARN_DIRECT_OBJC_ISA_USAGE = YES_ERROR;
				CLANG_WARN_DOCUMENTATION_COMMENTS = YES;
				CLANG_WARN_EMPTY_BODY = YES;
				CLANG_WARN_ENUM_CONVERSION = YES;
				CLANG_WARN_INFINITE_RECURSION = YES;
				CLANG_WARN_INT_CONVERSION = YES;
				CLANG_WARN_NON_LITERAL_NULL_CONVERSION = YES;
				CLANG_WARN_OBJC_IMPLICIT_RETAIN_SELF = YES;
				CLANG_WARN_OBJC_LITERAL_CONVERSION = YES;
				CLANG_WARN_OBJC_ROOT_CLASS = YES_ERROR;
				CLANG_WARN_QUOTED_INCLUDE_IN_FRAMEWORK_HEADER = YES;
				CLANG_WARN_RANGE_LOOP_ANALYSIS = YES;
				CLANG_WARN_STRICT_PROTOTYPES = YES;
				CLANG_WARN_SUSPICIOUS_MOVE = YES;
				CLANG_WARN_UNGUARDED_AVAILABILITY = YES_AGGRESSIVE;
				CLANG_WARN_UNREACHABLE_CODE = YES;
				CLANG_WARN__DUPLICATE_METHOD_MATCH = YES;
				COPY_PHASE_STRIP = NO;
				DEBUG_INFORMATION_FORMAT = dwarf;
				ENABLE_STRICT_OBJC_MSGSEND = YES;
				ENABLE_TESTABILITY = YES;
				GCC_C_LANGUAGE_STANDARD = gnu11;
				GCC_DYNAMIC_NO_PIC = NO;
				GCC_NO_COMMON_BLOCKS = YES;
				GCC_OPTIMIZATION_LEVEL = 0;
				GCC_PREPROCESSOR_DEFINITIONS = (
					"DEBUG=1",
					"$(inherited)",
				);
				GCC_WARN_64_TO_32_BIT_CONVERSION = YES;
				GCC_WARN_ABOUT_RETURN_TYPE = YES_ERROR;
				GCC_WARN_UNDECLARED_SELECTOR = YES;
				GCC_WARN_UNINITIALIZED_AUTOS = YES_AGGRESSIVE;
				GCC_WARN_UNUSED_FUNCTION = YES;
				GCC_WARN_UNUSED_VARIABLE = YES;
				IPHONEOS_DEPLOYMENT_TARGET = 14.5;
				MTL_ENABLE_DEBUG_INFO = INCLUDE_SOURCE;
				MTL_FAST_MATH = YES;
				ONLY_ACTIVE_ARCH = YES;
				SDKROOT = iphoneos;
			};
			name = Debug;
		};
		2EDF2B2C26F37D1B0035305C /* Release */ = {
			isa = XCBuildConfiguration;
			buildSettings = {
				ALWAYS_SEARCH_USER_PATHS = NO;
				CLANG_ANALYZER_NONNULL = YES;
				CLANG_ANALYZER_NUMBER_OBJECT_CONVERSION = YES_AGGRESSIVE;
				CLANG_CXX_LANGUAGE_STANDARD = "gnu++14";
				CLANG_CXX_LIBRARY = "libc++";
				CLANG_ENABLE_MODULES = YES;
				CLANG_ENABLE_OBJC_ARC = YES;
				CLANG_ENABLE_OBJC_WEAK = YES;
				CLANG_WARN_BLOCK_CAPTURE_AUTORELEASING = YES;
				CLANG_WARN_BOOL_CONVERSION = YES;
				CLANG_WARN_COMMA = YES;
				CLANG_WARN_CONSTANT_CONVERSION = YES;
				CLANG_WARN_DEPRECATED_OBJC_IMPLEMENTATIONS = YES;
				CLANG_WARN_DIRECT_OBJC_ISA_USAGE = YES_ERROR;
				CLANG_WARN_DOCUMENTATION_COMMENTS = YES;
				CLANG_WARN_EMPTY_BODY = YES;
				CLANG_WARN_ENUM_CONVERSION = YES;
				CLANG_WARN_INFINITE_RECURSION = YES;
				CLANG_WARN_INT_CONVERSION = YES;
				CLANG_WARN_NON_LITERAL_NULL_CONVERSION = YES;
				CLANG_WARN_OBJC_IMPLICIT_RETAIN_SELF = YES;
				CLANG_WARN_OBJC_LITERAL_CONVERSION = YES;
				CLANG_WARN_OBJC_ROOT_CLASS = YES_ERROR;
				CLANG_WARN_QUOTED_INCLUDE_IN_FRAMEWORK_HEADER = YES;
				CLANG_WARN_RANGE_LOOP_ANALYSIS = YES;
				CLANG_WARN_STRICT_PROTOTYPES = YES;
				CLANG_WARN_SUSPICIOUS_MOVE = YES;
				CLANG_WARN_UNGUARDED_AVAILABILITY = YES_AGGRESSIVE;
				CLANG_WARN_UNREACHABLE_CODE = YES;
				CLANG_WARN__DUPLICATE_METHOD_MATCH = YES;
				COPY_PHASE_STRIP = NO;
				DEBUG_INFORMATION_FORMAT = "dwarf-with-dsym";
				ENABLE_NS_ASSERTIONS = NO;
				ENABLE_STRICT_OBJC_MSGSEND = YES;
				GCC_C_LANGUAGE_STANDARD = gnu11;
				GCC_NO_COMMON_BLOCKS = YES;
				GCC_WARN_64_TO_32_BIT_CONVERSION = YES;
				GCC_WARN_ABOUT_RETURN_TYPE = YES_ERROR;
				GCC_WARN_UNDECLARED_SELECTOR = YES;
				GCC_WARN_UNINITIALIZED_AUTOS = YES_AGGRESSIVE;
				GCC_WARN_UNUSED_FUNCTION = YES;
				GCC_WARN_UNUSED_VARIABLE = YES;
				IPHONEOS_DEPLOYMENT_TARGET = 14.5;
				MTL_ENABLE_DEBUG_INFO = NO;
				MTL_FAST_MATH = YES;
				SDKROOT = iphoneos;
				VALIDATE_PRODUCT = YES;
			};
			name = Release;
		};
		2EDF2B2E26F37D1B0035305C /* Debug */ = {
			isa = XCBuildConfiguration;
			buildSettings = {
				ASSETCATALOG_COMPILER_APPICON_NAME = AppIcon;
				ASSETCATALOG_COMPILER_GLOBAL_ACCENT_COLOR_NAME = AccentColor;
				CODE_SIGN_STYLE = Automatic;
				DEVELOPMENT_TEAM = SRW54YFJJ3;
				INFOPLIST_FILE = OpenGLDemo/Info.plist;
				LD_RUNPATH_SEARCH_PATHS = (
					"$(inherited)",
					"@executable_path/Frameworks",
				);
				PRODUCT_BUNDLE_IDENTIFIER = onelcat.github.io.OpenGLDemo;
				PRODUCT_NAME = "$(TARGET_NAME)";
				TARGETED_DEVICE_FAMILY = "1,2";
			};
			name = Debug;
		};
		2EDF2B2F26F37D1B0035305C /* Release */ = {
			isa = XCBuildConfiguration;
			buildSettings = {
				ASSETCATALOG_COMPILER_APPICON_NAME = AppIcon;
				ASSETCATALOG_COMPILER_GLOBAL_ACCENT_COLOR_NAME = AccentColor;
				CODE_SIGN_STYLE = Automatic;
				DEVELOPMENT_TEAM = SRW54YFJJ3;
				INFOPLIST_FILE = OpenGLDemo/Info.plist;
				LD_RUNPATH_SEARCH_PATHS = (
					"$(inherited)",
					"@executable_path/Frameworks",
				);
				PRODUCT_BUNDLE_IDENTIFIER = onelcat.github.io.OpenGLDemo;
				PRODUCT_NAME = "$(TARGET_NAME)";
				TARGETED_DEVICE_FAMILY = "1,2";
			};
			name = Release;
		};
/* End XCBuildConfiguration section */

/* Begin XCConfigurationList section */
		2EDF2B0F26F37D180035305C /* Build configuration list for PBXProject "OpenGLDemo" */ = {
			isa = XCConfigurationList;
			buildConfigurations = (
				2EDF2B2B26F37D1B0035305C /* Debug */,
				2EDF2B2C26F37D1B0035305C /* Release */,
			);
			defaultConfigurationIsVisible = 0;
			defaultConfigurationName = Release;
		};
		2EDF2B2D26F37D1B0035305C /* Build configuration list for PBXNativeTarget "OpenGLDemo" */ = {
			isa = XCConfigurationList;
			buildConfigurations = (
				2EDF2B2E26F37D1B0035305C /* Debug */,
				2EDF2B2F26F37D1B0035305C /* Release */,
			);
			defaultConfigurationIsVisible = 0;
			defaultConfigurationName = Release;
		};
/* End XCConfigurationList section */
	};
	rootObject = 2EDF2B0C26F37D180035305C /* Project object */;
}
